
Microsoft Visual Studio Solution File, Format Version 11.00
# Visual Studio 2010
Project("{FAE04EC0-301F-11D3-BF4B-00C04F79EFBC}") = "LouisWebCrawler", "LouisWebCrawler\LouisWebCrawler.csproj", "{54DB754B-B4AA-438E-8E49-4EF08C651152}"
EndProject
Project("{FAE04EC0-301F-11D3-BF4B-00C04F79EFBC}") = "LouisWebCrawler.Tests", "LouisWebCrawler.Tests\LouisWebCrawler.Tests.csproj", "{4A0B0A45-09E3-4B39-BA27-BAA789043816}"
EndProject
Global
	GlobalSection(SolutionConfigurationPlatforms) = preSolution
		Debug|Any CPU = Debug|Any CPU
		Debug|Mixed Platforms = Debug|Mixed Platforms
		Debug|x86 = Debug|x86
		Release|Any CPU = Release|Any CPU
		Release|Mixed Platforms = Release|Mixed Platforms
		Release|x86 = Release|x86
	EndGlobalSection
	GlobalSection(ProjectConfigurationPlatforms) = postSolution
		{54DB754B-B4AA-438E-8E49-4EF08C651152}.Debug|Any CPU.ActiveCfg = Debug|x86
		{54DB754B-B4AA-438E-8E49-4EF08C651152}.Debug|Mixed Platforms.ActiveCfg = Debug|x86
		{54DB754B-B4AA-438E-8E49-4EF08C651152}.Debug|Mixed Platforms.Build.0 = Debug|x86
		{54DB754B-B4AA-438E-8E49-4EF08C651152}.Debug|x86.ActiveCfg = Debug|x86
		{54DB754B-B4AA-438E-8E49-4EF08C651152}.Debug|x86.Build.0 = Debug|x86
		{54DB754B-B4AA-438E-8E49-4EF08C651152}.Release|Any CPU.ActiveCfg = Release|x86
		{54DB754B-B4AA-438E-8E49-4EF08C651152}.Release|Mixed Platforms.ActiveCfg = Release|x86
		{54DB754B-B4AA-438E-8E49-4EF08C651152}.Release|Mixed Platforms.Build.0 = Release|x86
		{54DB754B-B4AA-438E-8E49-4EF08C651152}.Release|x86.ActiveCfg = Release|x86
		{54DB754B-B4AA-438E-8E49-4EF08C651152}.Release|x86.Build.0 = Release|x86
		{4A0B0A45-09E3-4B39-BA27-BAA789043816}.Debug|Any CPU.ActiveCfg = Debug|Any CPU
		{4A0B0A45-09E3-4B39-BA27-BAA789043816}.Debug|Any CPU.Build.0 = Debug|Any CPU
		{4A0B0A45-09E3-4B39-BA27-BAA789043816}.Debug|Mixed Platforms.ActiveCfg = Debug|Any CPU
		{4A0B0A45-09E3-4B39-BA27-BAA789043816}.Debug|Mixed Platforms.Build.0 = Debug|Any CPU
		{4A0B0A45-09E3-4B39-BA27-BAA789043816}.Debug|x86.ActiveCfg = Debug|Any CPU
		{4A0B0A45-09E3-4B39-BA27-BAA789043816}.Release|Any CPU.ActiveCfg = Release|Any CPU
		{4A0B0A45-09E3-4B39-BA27-BAA789043816}.Release|Any CPU.Build.0 = Release|Any CPU
		{4A0B0A45-09E3-4B39-BA27-BAA789043816}.Release|Mixed Platforms.ActiveCfg = Release|Any CPU
		{4A0B0A45-09E3-4B39-BA27-BAA789043816}.Release|Mixed Platforms.Build.0 = Release|Any CPU
		{4A0B0A45-09E3-4B39-BA27-BAA789043816}.Release|x86.ActiveCfg = Release|Any CPU
	EndGlobalSection
	GlobalSection(SolutionProperties) = preSolution
		HideSolutionNode = FALSE
	EndGlobalSection
EndGlobal
